
Microsoft Visual Studio Solution File, Format Version 12.00
# Visual Studio Version 17
VisualStudioVersion = 17.8.34525.116
MinimumVisualStudioVersion = 10.0.40219.1
Project("{9A19103F-16F7-4668-BE54-9A1E7A4F7556}") = "WebAPI", "WebAPI\WebAPI.csproj", "{17508758-04A2-4F76-89A9-733C40BDB4B3}"
EndProject
Project("{9A19103F-16F7-4668-BE54-9A1E7A4F7556}") = "Domain", "Domain\Domain.csproj", "{A81F174E-7A4A-472B-960C-C4567B8FBB75}"
EndProject
Global
	GlobalSection(SolutionConfigurationPlatforms) = preSolution
		Debug|Any CPU = Debug|Any CPU
		Release|Any CPU = Release|Any CPU
	EndGlobalSection
	GlobalSection(ProjectConfigurationPlatforms) = postSolution
		{17508758-04A2-4F76-89A9-733C40BDB4B3}.Debug|Any CPU.ActiveCfg = Debug|Any CPU
		{17508758-04A2-4F76-89A9-733C40BDB4B3}.Debug|Any CPU.Build.0 = Debug|Any CPU
		{17508758-04A2-4F76-89A9-733C40BDB4B3}.Release|Any CPU.ActiveCfg = Release|Any CPU
		{17508758-04A2-4F76-89A9-733C40BDB4B3}.Release|Any CPU.Build.0 = Release|Any CPU
		{A81F174E-7A4A-472B-960C-C4567B8FBB75}.Debug|Any CPU.ActiveCfg = Debug|Any CPU
		{A81F174E-7A4A-472B-960C-C4567B8FBB75}.Debug|Any CPU.Build.0 = Debug|Any CPU
		{A81F174E-7A4A-472B-960C-C4567B8FBB75}.Release|Any CPU.ActiveCfg = Release|Any CPU
		{A81F174E-7A4A-472B-960C-C4567B8FBB75}.Release|Any CPU.Build.0 = Release|Any CPU
	EndGlobalSection
	GlobalSection(SolutionProperties) = preSolution
		HideSolutionNode = FALSE
	EndGlobalSection
	GlobalSection(ExtensibilityGlobals) = postSolution
		SolutionGuid = {E6528076-0D83-4A90-A62A-0E9055C2601C}
	EndGlobalSection
EndGlobal
